
Microsoft Visual Studio Solution File, Format Version 12.00
# Visual Studio 14
VisualStudioVersion = 14.0.25123.0
MinimumVisualStudioVersion = 10.0.40219.1
Project("{FAE04EC0-301F-11D3-BF4B-00C04F79EFBC}") = "CTS", "CTS\CTS.csproj", "{C7441B79-B647-4FB2-85B6-60855582C0EB}"
EndProject
Project("{FAE04EC0-301F-11D3-BF4B-00C04F79EFBC}") = "BotSpeaker", "D:\Users\OldProjects\SolutionToStream\BotSpeaker\BotSpeaker.csproj", "{EED39CCF-1EC4-4105-ABEE-2CE681BBC962}"
EndProject
Project("{FAE04EC0-301F-11D3-BF4B-00C04F79EFBC}") = "BroChatCatch", "D:\Users\OldProjects\BroChatCatch\BroChatCatch\BroChatCatch.csproj", "{6E5816E0-B9F9-4D87-97C8-9626E3BE7667}"
EndProject
Global
	GlobalSection(SolutionConfigurationPlatforms) = preSolution
		Debug|Any CPU = Debug|Any CPU
		Release|Any CPU = Release|Any CPU
	EndGlobalSection
	GlobalSection(ProjectConfigurationPlatforms) = postSolution
		{C7441B79-B647-4FB2-85B6-60855582C0EB}.Debug|Any CPU.ActiveCfg = Debug|Any CPU
		{C7441B79-B647-4FB2-85B6-60855582C0EB}.Debug|Any CPU.Build.0 = Debug|Any CPU
		{C7441B79-B647-4FB2-85B6-60855582C0EB}.Release|Any CPU.ActiveCfg = Release|Any CPU
		{C7441B79-B647-4FB2-85B6-60855582C0EB}.Release|Any CPU.Build.0 = Release|Any CPU
		{EED39CCF-1EC4-4105-ABEE-2CE681BBC962}.Debug|Any CPU.ActiveCfg = Debug|Any CPU
		{EED39CCF-1EC4-4105-ABEE-2CE681BBC962}.Debug|Any CPU.Build.0 = Debug|Any CPU
		{EED39CCF-1EC4-4105-ABEE-2CE681BBC962}.Release|Any CPU.ActiveCfg = Release|Any CPU
		{EED39CCF-1EC4-4105-ABEE-2CE681BBC962}.Release|Any CPU.Build.0 = Release|Any CPU
		{6E5816E0-B9F9-4D87-97C8-9626E3BE7667}.Debug|Any CPU.ActiveCfg = Debug|Any CPU
		{6E5816E0-B9F9-4D87-97C8-9626E3BE7667}.Debug|Any CPU.Build.0 = Debug|Any CPU
		{6E5816E0-B9F9-4D87-97C8-9626E3BE7667}.Release|Any CPU.ActiveCfg = Release|Any CPU
		{6E5816E0-B9F9-4D87-97C8-9626E3BE7667}.Release|Any CPU.Build.0 = Release|Any CPU
	EndGlobalSection
	GlobalSection(SolutionProperties) = preSolution
		HideSolutionNode = FALSE
	EndGlobalSection
EndGlobal
